<?xml version="1.0" encoding="utf-8"?>
<Project ToolsVersion="4.0" xmlns="http://schemas.microsoft.com/developer/msbuild/2003">
  <ItemGroup>
    <Filter Include="Source Files">
      <UniqueIdentifier>{4FC737F1-C7A5-4376-A066-2A32D752A2FF}</UniqueIdentifier>
      <Extensions>cpp;c;cc;cxx;def;odl;idl;hpj;bat;asm;asmx</Extensions>
    </Filter>
    <Filter Include="Header Files">
      <UniqueIdentifier>{93995380-89BD-4b04-88EB-625FBE52EBFB}</UniqueIdentifier>
      <Extensions>h;hh;hpp;hxx;hm;inl;inc;xsd</Extensions>
    </Filter>
    <Filter Include="Matrix">
      <UniqueIdentifier>{67DA6AB6-F800-4c08-8B7A-83BB121AAD01}</UniqueIdentifier>
      <Extensions>rc;ico;cur;bmp;dlg;rc2;rct;bin;rgs;gif;jpg;jpeg;jpe;resx;tiff;tif;png;wav;mfcribbon-ms</Extensions>
    </Filter>
    <Filter Include="regression">
      <UniqueIdentifier>{832ccf32-376a-4c31-b3dc-4c770228513e}</UniqueIdentifier>
    </Filter>
    <Filter Include="Point">
      <UniqueIdentifier>{711aa056-d055-49e2-b4df-95cf69023fbe}</UniqueIdentifier>
    </Filter>
    <Filter Include="Polynominal">
      <UniqueIdentifier>{5a1bc4aa-c40b-440c-89b3-d897e55ad471}</UniqueIdentifier>
    </Filter>
<<<<<<< HEAD
    <Filter Include="Array">
      <UniqueIdentifier>{5ae8b546-a286-4e2e-b9af-85b798f227b0}</UniqueIdentifier>
=======
    <Filter Include="Complex">
      <UniqueIdentifier>{a0b1acbd-5eeb-4645-9bd4-5e946820313a}</UniqueIdentifier>
    </Filter>
    <Filter Include="Runge_Kutta">
      <UniqueIdentifier>{89cbbb26-e3f5-4c1c-8080-be59d1ed20ad}</UniqueIdentifier>
>>>>>>> e4dc7ee93f5f352324dd57ee7bbdcdf785e80acb
    </Filter>
  </ItemGroup>
  <ItemGroup>
    <ClInclude Include="Matrix.h">
      <Filter>Header Files</Filter>
    </ClInclude>
    <ClInclude Include="Array.h">
      <Filter>Header Files</Filter>
    </ClInclude>
    <ClInclude Include="Regression.h">
      <Filter>Header Files</Filter>
    </ClInclude>
    <ClInclude Include="Vector.h">
      <Filter>Header Files</Filter>
    </ClInclude>
    <ClInclude Include="Point.h">
      <Filter>Header Files</Filter>
    </ClInclude>
    <ClInclude Include="GE.h">
      <Filter>Header Files</Filter>
    </ClInclude>
    <ClInclude Include="LU.h">
      <Filter>Header Files</Filter>
    </ClInclude>
    <ClInclude Include="Complex.h">
      <Filter>Header Files</Filter>
    </ClInclude>
    <ClInclude Include="RK.h">
      <Filter>Header Files</Filter>
    </ClInclude>
    <ClInclude Include="Polynomial.h">
      <Filter>Header Files</Filter>
    </ClInclude>
  </ItemGroup>
  <ItemGroup>
    <ClCompile Include="main.cpp">
      <Filter>Source Files</Filter>
    </ClCompile>
    <ClCompile Include="matrix.cpp">
      <Filter>Matrix</Filter>
    </ClCompile>
    <ClCompile Include="regression.cpp">
      <Filter>regression</Filter>
    </ClCompile>
    <ClCompile Include="Point.cpp">
      <Filter>Point</Filter>
    </ClCompile>
<<<<<<< HEAD
    <ClCompile Include="Array.cpp">
      <Filter>Array</Filter>
=======
    <ClCompile Include="Complex.cpp">
      <Filter>Complex</Filter>
    </ClCompile>
    <ClCompile Include="Rk.cpp">
      <Filter>Runge_Kutta</Filter>
    </ClCompile>
    <ClCompile Include="Polynomial.cpp">
      <Filter>Polynominal</Filter>
>>>>>>> e4dc7ee93f5f352324dd57ee7bbdcdf785e80acb
    </ClCompile>
  </ItemGroup>
</Project>